// !$*UTF8*$!
{
	archiveVersion = 1;
	classes = {
	};
	objectVersion = 50;
	objects = {

/* Begin PBXBuildFile section */
		28411B9E239735DD00AE28A5 /* Idle.png in CopyFiles */ = {isa = PBXBuildFile; fileRef = 28411B9D239735D100AE28A5 /* Idle.png */; };
		28411B9F239735DD00AE28A5 /* walk.png in CopyFiles */ = {isa = PBXBuildFile; fileRef = 28411B9C239735C600AE28A5 /* walk.png */; };
		28411BA423973A4B00AE28A5 /* temp.png in CopyFiles */ = {isa = PBXBuildFile; fileRef = 28411BA223973A4000AE28A5 /* temp.png */; };
		28411BA523973A4B00AE28A5 /* test.png in CopyFiles */ = {isa = PBXBuildFile; fileRef = 28411BA123973A4000AE28A5 /* test.png */; };
		28411BAA23980BA000AE28A5 /* footstep.wav in CopyFiles */ = {isa = PBXBuildFile; fileRef = 28411BA823980B3100AE28A5 /* footstep.wav */; };
		28411BAB23980C0100AE28A5 /* tileset.png in CopyFiles */ = {isa = PBXBuildFile; fileRef = 28411BA623973CB200AE28A5 /* tileset.png */; };
		28411BAE239C9ADB00AE28A5 /* fly.png in CopyFiles */ = {isa = PBXBuildFile; fileRef = 28411BAC239C9AC500AE28A5 /* fly.png */; };
		28411BB4239D97CA00AE28A5 /* bomb.png in CopyFiles */ = {isa = PBXBuildFile; fileRef = 28411BB2239D90A700AE28A5 /* bomb.png */; };
		28411BB7239D9F9D00AE28A5 /* spike.png in CopyFiles */ = {isa = PBXBuildFile; fileRef = 28411BB6239D9F9500AE28A5 /* spike.png */; };
		28411BB8239D9F9D00AE28A5 /* bullet.png in CopyFiles */ = {isa = PBXBuildFile; fileRef = 28411BB5239D9F8300AE28A5 /* bullet.png */; };
		28411BBC239F43E000AE28A5 /* dead.png in CopyFiles */ = {isa = PBXBuildFile; fileRef = 28411BBA239F43C000AE28A5 /* dead.png */; };
		28411BBD239F43E000AE28A5 /* bullet.png in CopyFiles */ = {isa = PBXBuildFile; fileRef = 28411BB9239F43AA00AE28A5 /* bullet.png */; };
		28411BBE239F43F500AE28A5 /* gunner.png in CopyFiles */ = {isa = PBXBuildFile; fileRef = 28411BBB239F43D100AE28A5 /* gunner.png */; };
		28411BC0239F442400AE28A5 /* spiker.png in CopyFiles */ = {isa = PBXBuildFile; fileRef = 28411BBF239F441800AE28A5 /* spiker.png */; };
		28411BCA239F462B00AE28A5 /* background.mp3 in CopyFiles */ = {isa = PBXBuildFile; fileRef = 28411BC8239F461600AE28A5 /* background.mp3 */; };
		28411BCB239F462B00AE28A5 /* music.mp3 in CopyFiles */ = {isa = PBXBuildFile; fileRef = 28411BC9239F461600AE28A5 /* music.mp3 */; };
		28411BCC239F462B00AE28A5 /* damage_1.wav in CopyFiles */ = {isa = PBXBuildFile; fileRef = 28411BC7239F45A200AE28A5 /* damage_1.wav */; };
		28411BCD239F462B00AE28A5 /* fall_1.wav in CopyFiles */ = {isa = PBXBuildFile; fileRef = 28411BC6239F45A200AE28A5 /* fall_1.wav */; };
		28411BCE239F462B00AE28A5 /* hit.wav in CopyFiles */ = {isa = PBXBuildFile; fileRef = 28411BC3239F459700AE28A5 /* hit.wav */; };
		28411BCF239F462B00AE28A5 /* jump_1.wav in CopyFiles */ = {isa = PBXBuildFile; fileRef = 28411BC2239F459700AE28A5 /* jump_1.wav */; };
		28411BD0239F462B00AE28A5 /* jump_2.wav in CopyFiles */ = {isa = PBXBuildFile; fileRef = 28411BC4239F459700AE28A5 /* jump_2.wav */; };
		28411BD1239F462B00AE28A5 /* jump.wav in CopyFiles */ = {isa = PBXBuildFile; fileRef = 28411BC5239F459700AE28A5 /* jump.wav */; };
		28411BD2239F462B00AE28A5 /* slash.wav in CopyFiles */ = {isa = PBXBuildFile; fileRef = 28411BC1239F458700AE28A5 /* slash.wav */; };
		28411BD5239F4D5600AE28A5 /* complete.png in CopyFiles */ = {isa = PBXBuildFile; fileRef = 28411BD4239F4D4F00AE28A5 /* complete.png */; };
		28411BD6239F4D5600AE28A5 /* slash.png in CopyFiles */ = {isa = PBXBuildFile; fileRef = 28411BD3239F4CAF00AE28A5 /* slash.png */; };
		2891807E2369D7D700E31004 /* Util.cpp in Sources */ = {isa = PBXBuildFile; fileRef = 2891807C2369D7D700E31004 /* Util.cpp */; };
		289180832369E12E00E31004 /* Scene.cpp in Sources */ = {isa = PBXBuildFile; fileRef = 289180812369E12E00E31004 /* Scene.cpp */; };
		289180862369E1DB00E31004 /* Level1.cpp in Sources */ = {isa = PBXBuildFile; fileRef = 289180842369E1DB00E31004 /* Level1.cpp */; };
		2891808C23707EE100E31004 /* Effects.cpp in Sources */ = {isa = PBXBuildFile; fileRef = 2891808A23707EE100E31004 /* Effects.cpp */; };
		2891841423772A2C00E31004 /* evil.png in CopyFiles */ = {isa = PBXBuildFile; fileRef = 2891841323772A1E00E31004 /* evil.png */; };
		289184162377532E00E31004 /* orange.png in CopyFiles */ = {isa = PBXBuildFile; fileRef = 28918415237752F400E31004 /* orange.png */; };
		289184182377745600E31004 /* tile.png in CopyFiles */ = {isa = PBXBuildFile; fileRef = 289184172377744900E31004 /* tile.png */; };
		2891865C2381E25B00E31004 /* main.cpp in Sources */ = {isa = PBXBuildFile; fileRef = 2891865B2381E25B00E31004 /* main.cpp */; };
		2891865F2381E31E00E31004 /* StartScreen.cpp in Sources */ = {isa = PBXBuildFile; fileRef = 2891865D2381E31E00E31004 /* StartScreen.cpp */; };
		289186732381FEDF00E31004 /* background.mp3 in CopyFiles */ = {isa = PBXBuildFile; fileRef = 289186722381FECA00E31004 /* background.mp3 */; };
		28918676238201C500E31004 /* papa_evil.png in CopyFiles */ = {isa = PBXBuildFile; fileRef = 28918675238201C000E31004 /* papa_evil.png */; };
		28918677238201C700E31004 /* papa.png in CopyFiles */ = {isa = PBXBuildFile; fileRef = 28918674238201C000E31004 /* papa.png */; };
		2891868723820D5400E31004 /* font.png in CopyFiles */ = {isa = PBXBuildFile; fileRef = 2891868523820D2B00E31004 /* font.png */; };
		2891868823820D5400E31004 /* jackson.png in CopyFiles */ = {isa = PBXBuildFile; fileRef = 2891868323820D0400E31004 /* jackson.png */; };
		2891868923820D5400E31004 /* jackson1.png in CopyFiles */ = {isa = PBXBuildFile; fileRef = 2891868223820D0400E31004 /* jackson1.png */; };
		2891868B23820D5400E31004 /* damage_1.wav in CopyFiles */ = {isa = PBXBuildFile; fileRef = 2891868423820D1B00E31004 /* damage_1.wav */; };
		2891868C23820D5400E31004 /* fall_1.wav in CopyFiles */ = {isa = PBXBuildFile; fileRef = 2891868623820D2B00E31004 /* fall_1.wav */; };
		2891868D23820D5400E31004 /* jump_1.wav in CopyFiles */ = {isa = PBXBuildFile; fileRef = 2891868023820D0400E31004 /* jump_1.wav */; };
		2891868E23820D5400E31004 /* jump_2.wav in CopyFiles */ = {isa = PBXBuildFile; fileRef = 2891868123820D0400E31004 /* jump_2.wav */; };
		2891869223820DF000E31004 /* me.png in CopyFiles */ = {isa = PBXBuildFile; fileRef = 2891869123820DE800E31004 /* me.png */; };
		DB233D1223661B3D008B1DEB /* Map.cpp in Sources */ = {isa = PBXBuildFile; fileRef = DB233D1023661B3D008B1DEB /* Map.cpp */; };
		DBDF1B5E2323DE8D007CECB1 /* ShaderProgram.cpp in Sources */ = {isa = PBXBuildFile; fileRef = DBDF1B5D2323DE8D007CECB1 /* ShaderProgram.cpp */; };
		DBDF1B612323DE9E007CECB1 /* shaders in CopyFiles */ = {isa = PBXBuildFile; fileRef = DBDF1B5C2323DE8D007CECB1 /* shaders */; };
		DBDF1B632323DEDA007CECB1 /* OpenGL.framework in Frameworks */ = {isa = PBXBuildFile; fileRef = DBDF1B622323DEDA007CECB1 /* OpenGL.framework */; };
		DBDF1B652323DEDF007CECB1 /* Cocoa.framework in Frameworks */ = {isa = PBXBuildFile; fileRef = DBDF1B642323DEDF007CECB1 /* Cocoa.framework */; };
		DBDF1B692323DEEA007CECB1 /* SDL2.framework in Frameworks */ = {isa = PBXBuildFile; fileRef = DBDF1B662323DEEA007CECB1 /* SDL2.framework */; };
		DBDF1B6A2323DEEA007CECB1 /* SDL2_image.framework in Frameworks */ = {isa = PBXBuildFile; fileRef = DBDF1B672323DEEA007CECB1 /* SDL2_image.framework */; };
		DBDF1B6B2323DEEA007CECB1 /* SDL2_mixer.framework in Frameworks */ = {isa = PBXBuildFile; fileRef = DBDF1B682323DEEA007CECB1 /* SDL2_mixer.framework */; };
		FAD6911E234B8AE400D9AA86 /* Entity.cpp in Sources */ = {isa = PBXBuildFile; fileRef = FAD6911D234B8AE400D9AA86 /* Entity.cpp */; };
/* End PBXBuildFile section */

/* Begin PBXCopyFilesBuildPhase section */
		DBDF1B4D2323DE3F007CECB1 /* CopyFiles */ = {
			isa = PBXCopyFilesBuildPhase;
			buildActionMask = 12;
			dstPath = "";
			dstSubfolderSpec = 6;
			files = (
				28411BD5239F4D5600AE28A5 /* complete.png in CopyFiles */,
				28411BD6239F4D5600AE28A5 /* slash.png in CopyFiles */,
				28411BCA239F462B00AE28A5 /* background.mp3 in CopyFiles */,
				28411BCB239F462B00AE28A5 /* music.mp3 in CopyFiles */,
				28411BCC239F462B00AE28A5 /* damage_1.wav in CopyFiles */,
				28411BCD239F462B00AE28A5 /* fall_1.wav in CopyFiles */,
				28411BCE239F462B00AE28A5 /* hit.wav in CopyFiles */,
				28411BCF239F462B00AE28A5 /* jump_1.wav in CopyFiles */,
				28411BD0239F462B00AE28A5 /* jump_2.wav in CopyFiles */,
				28411BD1239F462B00AE28A5 /* jump.wav in CopyFiles */,
				28411BD2239F462B00AE28A5 /* slash.wav in CopyFiles */,
				28411BC0239F442400AE28A5 /* spiker.png in CopyFiles */,
				28411BBE239F43F500AE28A5 /* gunner.png in CopyFiles */,
				28411BBC239F43E000AE28A5 /* dead.png in CopyFiles */,
				28411BBD239F43E000AE28A5 /* bullet.png in CopyFiles */,
				28411BB7239D9F9D00AE28A5 /* spike.png in CopyFiles */,
				28411BB8239D9F9D00AE28A5 /* bullet.png in CopyFiles */,
				28411BB4239D97CA00AE28A5 /* bomb.png in CopyFiles */,
				28411BAE239C9ADB00AE28A5 /* fly.png in CopyFiles */,
				28411BAB23980C0100AE28A5 /* tileset.png in CopyFiles */,
				28411BAA23980BA000AE28A5 /* footstep.wav in CopyFiles */,
				28411BA423973A4B00AE28A5 /* temp.png in CopyFiles */,
				28411BA523973A4B00AE28A5 /* test.png in CopyFiles */,
				28411B9E239735DD00AE28A5 /* Idle.png in CopyFiles */,
				28411B9F239735DD00AE28A5 /* walk.png in CopyFiles */,
				2891869223820DF000E31004 /* me.png in CopyFiles */,
				2891868723820D5400E31004 /* font.png in CopyFiles */,
				2891868823820D5400E31004 /* jackson.png in CopyFiles */,
				2891868923820D5400E31004 /* jackson1.png in CopyFiles */,
				2891868B23820D5400E31004 /* damage_1.wav in CopyFiles */,
				2891868C23820D5400E31004 /* fall_1.wav in CopyFiles */,
				2891868D23820D5400E31004 /* jump_1.wav in CopyFiles */,
				2891868E23820D5400E31004 /* jump_2.wav in CopyFiles */,
				2891841423772A2C00E31004 /* evil.png in CopyFiles */,
				DBDF1B612323DE9E007CECB1 /* shaders in CopyFiles */,
				28918677238201C700E31004 /* papa.png in CopyFiles */,
				28918676238201C500E31004 /* papa_evil.png in CopyFiles */,
				289184162377532E00E31004 /* orange.png in CopyFiles */,
				289184182377745600E31004 /* tile.png in CopyFiles */,
				289186732381FEDF00E31004 /* background.mp3 in CopyFiles */,
			);
			runOnlyForDeploymentPostprocessing = 0;
		};
/* End PBXCopyFilesBuildPhase section */

/* Begin PBXFileReference section */
		28411B9C239735C600AE28A5 /* walk.png */ = {isa = PBXFileReference; lastKnownFileType = image.png; path = walk.png; sourceTree = SOURCE_ROOT; };
		28411B9D239735D100AE28A5 /* Idle.png */ = {isa = PBXFileReference; lastKnownFileType = image.png; path = Idle.png; sourceTree = SOURCE_ROOT; };
		28411BA123973A4000AE28A5 /* test.png */ = {isa = PBXFileReference; lastKnownFileType = image.png; name = test.png; path = Platform/test.png; sourceTree = SOURCE_ROOT; };
		28411BA223973A4000AE28A5 /* temp.png */ = {isa = PBXFileReference; lastKnownFileType = image.png; name = temp.png; path = Platform/temp.png; sourceTree = SOURCE_ROOT; };
		28411BA623973CB200AE28A5 /* tileset.png */ = {isa = PBXFileReference; lastKnownFileType = image.png; name = tileset.png; path = Platform/tileset.png; sourceTree = SOURCE_ROOT; };
		28411BA823980B3100AE28A5 /* footstep.wav */ = {isa = PBXFileReference; lastKnownFileType = audio.wav; name = footstep.wav; path = Platform/footstep.wav; sourceTree = SOURCE_ROOT; };
		28411BAC239C9AC500AE28A5 /* fly.png */ = {isa = PBXFileReference; lastKnownFileType = image.png; name = fly.png; path = Platform/fly.png; sourceTree = SOURCE_ROOT; };
		28411BB2239D90A700AE28A5 /* bomb.png */ = {isa = PBXFileReference; lastKnownFileType = image.png; path = bomb.png; sourceTree = "<group>"; };
		28411BB5239D9F8300AE28A5 /* bullet.png */ = {isa = PBXFileReference; lastKnownFileType = image.png; path = bullet.png; sourceTree = "<group>"; };
		28411BB6239D9F9500AE28A5 /* spike.png */ = {isa = PBXFileReference; lastKnownFileType = image.png; path = spike.png; sourceTree = "<group>"; };
		28411BB9239F43AA00AE28A5 /* bullet.png */ = {isa = PBXFileReference; lastKnownFileType = image.png; name = bullet.png; path = Platform/bullet.png; sourceTree = SOURCE_ROOT; };
		28411BBA239F43C000AE28A5 /* dead.png */ = {isa = PBXFileReference; lastKnownFileType = image.png; name = dead.png; path = Platform/dead.png; sourceTree = SOURCE_ROOT; };
		28411BBB239F43D100AE28A5 /* gunner.png */ = {isa = PBXFileReference; lastKnownFileType = image.png; name = gunner.png; path = Platform/gunner.png; sourceTree = SOURCE_ROOT; };
		28411BBF239F441800AE28A5 /* spiker.png */ = {isa = PBXFileReference; lastKnownFileType = image.png; path = spiker.png; sourceTree = "<group>"; };
		28411BC1239F458700AE28A5 /* slash.wav */ = {isa = PBXFileReference; lastKnownFileType = audio.wav; name = slash.wav; path = Platform/slash.wav; sourceTree = SOURCE_ROOT; };
		28411BC2239F459700AE28A5 /* jump_1.wav */ = {isa = PBXFileReference; lastKnownFileType = audio.wav; name = jump_1.wav; path = Platform/jump_1.wav; sourceTree = SOURCE_ROOT; };
		28411BC3239F459700AE28A5 /* hit.wav */ = {isa = PBXFileReference; lastKnownFileType = audio.wav; name = hit.wav; path = Platform/hit.wav; sourceTree = SOURCE_ROOT; };
		28411BC4239F459700AE28A5 /* jump_2.wav */ = {isa = PBXFileReference; lastKnownFileType = audio.wav; name = jump_2.wav; path = Platform/jump_2.wav; sourceTree = SOURCE_ROOT; };
		28411BC5239F459700AE28A5 /* jump.wav */ = {isa = PBXFileReference; lastKnownFileType = audio.wav; name = jump.wav; path = Platform/jump.wav; sourceTree = SOURCE_ROOT; };
		28411BC6239F45A200AE28A5 /* fall_1.wav */ = {isa = PBXFileReference; lastKnownFileType = audio.wav; name = fall_1.wav; path = Platform/fall_1.wav; sourceTree = SOURCE_ROOT; };
		28411BC7239F45A200AE28A5 /* damage_1.wav */ = {isa = PBXFileReference; lastKnownFileType = audio.wav; name = damage_1.wav; path = Platform/damage_1.wav; sourceTree = SOURCE_ROOT; };
		28411BC8239F461600AE28A5 /* background.mp3 */ = {isa = PBXFileReference; lastKnownFileType = audio.mp3; name = background.mp3; path = Platform/background.mp3; sourceTree = SOURCE_ROOT; };
		28411BC9239F461600AE28A5 /* music.mp3 */ = {isa = PBXFileReference; lastKnownFileType = audio.mp3; name = music.mp3; path = Platform/music.mp3; sourceTree = SOURCE_ROOT; };
		28411BD3239F4CAF00AE28A5 /* slash.png */ = {isa = PBXFileReference; lastKnownFileType = image.png; name = slash.png; path = Platform/slash.png; sourceTree = SOURCE_ROOT; };
		28411BD4239F4D4F00AE28A5 /* complete.png */ = {isa = PBXFileReference; lastKnownFileType = image.png; path = complete.png; sourceTree = "<group>"; };
		2891807C2369D7D700E31004 /* Util.cpp */ = {isa = PBXFileReference; lastKnownFileType = sourcecode.cpp.cpp; path = Util.cpp; sourceTree = "<group>"; };
		2891807D2369D7D700E31004 /* Util.h */ = {isa = PBXFileReference; lastKnownFileType = sourcecode.c.h; path = Util.h; sourceTree = "<group>"; };
		289180812369E12E00E31004 /* Scene.cpp */ = {isa = PBXFileReference; lastKnownFileType = sourcecode.cpp.cpp; path = Scene.cpp; sourceTree = "<group>"; };
		289180822369E12E00E31004 /* Scene.h */ = {isa = PBXFileReference; lastKnownFileType = sourcecode.c.h; path = Scene.h; sourceTree = "<group>"; };
		289180842369E1DB00E31004 /* Level1.cpp */ = {isa = PBXFileReference; lastKnownFileType = sourcecode.cpp.cpp; path = Level1.cpp; sourceTree = "<group>"; };
		289180852369E1DB00E31004 /* Level1.h */ = {isa = PBXFileReference; lastKnownFileType = sourcecode.c.h; path = Level1.h; sourceTree = "<group>"; };
		2891808A23707EE100E31004 /* Effects.cpp */ = {isa = PBXFileReference; lastKnownFileType = sourcecode.cpp.cpp; path = Effects.cpp; sourceTree = "<group>"; };
		2891808B23707EE100E31004 /* Effects.h */ = {isa = PBXFileReference; lastKnownFileType = sourcecode.c.h; path = Effects.h; sourceTree = "<group>"; };
		2891841323772A1E00E31004 /* evil.png */ = {isa = PBXFileReference; lastKnownFileType = image.png; path = evil.png; sourceTree = "<group>"; };
		28918415237752F400E31004 /* orange.png */ = {isa = PBXFileReference; lastKnownFileType = image.png; path = orange.png; sourceTree = "<group>"; };
		289184172377744900E31004 /* tile.png */ = {isa = PBXFileReference; lastKnownFileType = image.png; path = tile.png; sourceTree = "<group>"; };
		2891865B2381E25B00E31004 /* main.cpp */ = {isa = PBXFileReference; fileEncoding = 4; lastKnownFileType = sourcecode.cpp.cpp; path = main.cpp; sourceTree = "<group>"; };
		2891865D2381E31E00E31004 /* StartScreen.cpp */ = {isa = PBXFileReference; lastKnownFileType = sourcecode.cpp.cpp; path = StartScreen.cpp; sourceTree = "<group>"; };
		2891865E2381E31E00E31004 /* StartScreen.h */ = {isa = PBXFileReference; lastKnownFileType = sourcecode.c.h; path = StartScreen.h; sourceTree = "<group>"; };
		289186722381FECA00E31004 /* background.mp3 */ = {isa = PBXFileReference; lastKnownFileType = audio.mp3; path = background.mp3; sourceTree = "<group>"; };
		28918674238201C000E31004 /* papa.png */ = {isa = PBXFileReference; lastKnownFileType = image.png; path = papa.png; sourceTree = "<group>"; };
		28918675238201C000E31004 /* papa_evil.png */ = {isa = PBXFileReference; lastKnownFileType = image.png; path = papa_evil.png; sourceTree = "<group>"; };
		2891868023820D0400E31004 /* jump_1.wav */ = {isa = PBXFileReference; lastKnownFileType = audio.wav; path = jump_1.wav; sourceTree = "<group>"; };
		2891868123820D0400E31004 /* jump_2.wav */ = {isa = PBXFileReference; lastKnownFileType = audio.wav; path = jump_2.wav; sourceTree = "<group>"; };
		2891868223820D0400E31004 /* jackson1.png */ = {isa = PBXFileReference; lastKnownFileType = image.png; path = jackson1.png; sourceTree = "<group>"; };
		2891868323820D0400E31004 /* jackson.png */ = {isa = PBXFileReference; lastKnownFileType = image.png; path = jackson.png; sourceTree = "<group>"; };
		2891868423820D1B00E31004 /* damage_1.wav */ = {isa = PBXFileReference; lastKnownFileType = audio.wav; path = damage_1.wav; sourceTree = "<group>"; };
		2891868523820D2B00E31004 /* font.png */ = {isa = PBXFileReference; lastKnownFileType = image.png; path = font.png; sourceTree = "<group>"; };
		2891868623820D2B00E31004 /* fall_1.wav */ = {isa = PBXFileReference; lastKnownFileType = audio.wav; path = fall_1.wav; sourceTree = "<group>"; };
		2891868F23820D6D00E31004 /* me.png */ = {isa = PBXFileReference; lastKnownFileType = image.png; name = me.png; path = "../../Platformer-Return-of-the-king-/Platform/me.png"; sourceTree = "<group>"; };
		2891869123820DE800E31004 /* me.png */ = {isa = PBXFileReference; lastKnownFileType = image.png; path = me.png; sourceTree = "<group>"; };
		DB233D1023661B3D008B1DEB /* Map.cpp */ = {isa = PBXFileReference; lastKnownFileType = sourcecode.cpp.cpp; path = Map.cpp; sourceTree = "<group>"; };
		DB233D1123661B3D008B1DEB /* Map.h */ = {isa = PBXFileReference; lastKnownFileType = sourcecode.c.h; path = Map.h; sourceTree = "<group>"; };
		DBDF1B4F2323DE3F007CECB1 /* Space Game */ = {isa = PBXFileReference; explicitFileType = "compiled.mach-o.executable"; includeInIndex = 0; path = "Space Game"; sourceTree = BUILT_PRODUCTS_DIR; };
		DBDF1B592323DE8D007CECB1 /* ShaderProgram.h */ = {isa = PBXFileReference; fileEncoding = 4; lastKnownFileType = sourcecode.c.h; path = ShaderProgram.h; sourceTree = "<group>"; };
		DBDF1B5A2323DE8D007CECB1 /* stb_image.h */ = {isa = PBXFileReference; fileEncoding = 4; lastKnownFileType = sourcecode.c.h; path = stb_image.h; sourceTree = "<group>"; };
		DBDF1B5B2323DE8D007CECB1 /* glm */ = {isa = PBXFileReference; lastKnownFileType = folder; path = glm; sourceTree = "<group>"; };
		DBDF1B5C2323DE8D007CECB1 /* shaders */ = {isa = PBXFileReference; lastKnownFileType = folder; path = shaders; sourceTree = "<group>"; };
		DBDF1B5D2323DE8D007CECB1 /* ShaderProgram.cpp */ = {isa = PBXFileReference; fileEncoding = 4; lastKnownFileType = sourcecode.cpp.cpp; path = ShaderProgram.cpp; sourceTree = "<group>"; };
		DBDF1B622323DEDA007CECB1 /* OpenGL.framework */ = {isa = PBXFileReference; lastKnownFileType = wrapper.framework; name = OpenGL.framework; path = System/Library/Frameworks/OpenGL.framework; sourceTree = SDKROOT; };
		DBDF1B642323DEDF007CECB1 /* Cocoa.framework */ = {isa = PBXFileReference; lastKnownFileType = wrapper.framework; name = Cocoa.framework; path = System/Library/Frameworks/Cocoa.framework; sourceTree = SDKROOT; };
		DBDF1B662323DEEA007CECB1 /* SDL2.framework */ = {isa = PBXFileReference; lastKnownFileType = wrapper.framework; name = SDL2.framework; path = ../../../../../Library/Frameworks/SDL2.framework; sourceTree = "<group>"; };
		DBDF1B672323DEEA007CECB1 /* SDL2_image.framework */ = {isa = PBXFileReference; lastKnownFileType = wrapper.framework; name = SDL2_image.framework; path = ../../../../../Library/Frameworks/SDL2_image.framework; sourceTree = "<group>"; };
		DBDF1B682323DEEA007CECB1 /* SDL2_mixer.framework */ = {isa = PBXFileReference; lastKnownFileType = wrapper.framework; name = SDL2_mixer.framework; path = ../../../../../Library/Frameworks/SDL2_mixer.framework; sourceTree = "<group>"; };
		FAD6911C234B8AE400D9AA86 /* Entity.h */ = {isa = PBXFileReference; fileEncoding = 4; lastKnownFileType = sourcecode.c.h; path = Entity.h; sourceTree = "<group>"; };
		FAD6911D234B8AE400D9AA86 /* Entity.cpp */ = {isa = PBXFileReference; fileEncoding = 4; lastKnownFileType = sourcecode.cpp.cpp; path = Entity.cpp; sourceTree = "<group>"; };
/* End PBXFileReference section */

/* Begin PBXFrameworksBuildPhase section */
		DBDF1B4C2323DE3F007CECB1 /* Frameworks */ = {
			isa = PBXFrameworksBuildPhase;
			buildActionMask = 2147483647;
			files = (
				DBDF1B692323DEEA007CECB1 /* SDL2.framework in Frameworks */,
				DBDF1B6A2323DEEA007CECB1 /* SDL2_image.framework in Frameworks */,
				DBDF1B6B2323DEEA007CECB1 /* SDL2_mixer.framework in Frameworks */,
				DBDF1B652323DEDF007CECB1 /* Cocoa.framework in Frameworks */,
				DBDF1B632323DEDA007CECB1 /* OpenGL.framework in Frameworks */,
			);
			runOnlyForDeploymentPostprocessing = 0;
		};
/* End PBXFrameworksBuildPhase section */

/* Begin PBXGroup section */
		DBDF1B462323DE3F007CECB1 = {
			isa = PBXGroup;
			children = (
				DBDF1B5F2323DE92007CECB1 /* Frameworks */,
				DBDF1B502323DE3F007CECB1 /* Products */,
				DBDF1B512323DE3F007CECB1 /* Space Game */,
			);
			sourceTree = "<group>";
		};
		DBDF1B502323DE3F007CECB1 /* Products */ = {
			isa = PBXGroup;
			children = (
				DBDF1B4F2323DE3F007CECB1 /* Space Game */,
			);
			name = Products;
			sourceTree = "<group>";
		};
		DBDF1B512323DE3F007CECB1 /* Space Game */ = {
			isa = PBXGroup;
			children = (
				28411BD4239F4D4F00AE28A5 /* complete.png */,
				28411BD3239F4CAF00AE28A5 /* slash.png */,
				289186722381FECA00E31004 /* background.mp3 */,
				28411BC8239F461600AE28A5 /* background.mp3 */,
				28411BB2239D90A700AE28A5 /* bomb.png */,
				28411BB9239F43AA00AE28A5 /* bullet.png */,
				28411BB5239D9F8300AE28A5 /* bullet.png */,
				2891868423820D1B00E31004 /* damage_1.wav */,
				28411BC7239F45A200AE28A5 /* damage_1.wav */,
				28411BBA239F43C000AE28A5 /* dead.png */,
				2891808A23707EE100E31004 /* Effects.cpp */,
				2891808B23707EE100E31004 /* Effects.h */,
				FAD6911D234B8AE400D9AA86 /* Entity.cpp */,
				FAD6911C234B8AE400D9AA86 /* Entity.h */,
				2891841323772A1E00E31004 /* evil.png */,
				2891868623820D2B00E31004 /* fall_1.wav */,
				28411BC6239F45A200AE28A5 /* fall_1.wav */,
				28411BAC239C9AC500AE28A5 /* fly.png */,
				2891868523820D2B00E31004 /* font.png */,
				28411BA823980B3100AE28A5 /* footstep.wav */,
				DBDF1B5B2323DE8D007CECB1 /* glm */,
				28411BBB239F43D100AE28A5 /* gunner.png */,
				28411BC3239F459700AE28A5 /* hit.wav */,
				28411B9D239735D100AE28A5 /* Idle.png */,
				2891868323820D0400E31004 /* jackson.png */,
				2891868223820D0400E31004 /* jackson1.png */,
				28411BC2239F459700AE28A5 /* jump_1.wav */,
				2891868023820D0400E31004 /* jump_1.wav */,
				28411BC4239F459700AE28A5 /* jump_2.wav */,
				2891868123820D0400E31004 /* jump_2.wav */,
				28411BC5239F459700AE28A5 /* jump.wav */,
				289180842369E1DB00E31004 /* Level1.cpp */,
				289180852369E1DB00E31004 /* Level1.h */,
				2891865B2381E25B00E31004 /* main.cpp */,
				DB233D1023661B3D008B1DEB /* Map.cpp */,
				DB233D1123661B3D008B1DEB /* Map.h */,
				2891869123820DE800E31004 /* me.png */,
				2891868F23820D6D00E31004 /* me.png */,
				28411BC9239F461600AE28A5 /* music.mp3 */,
				28918415237752F400E31004 /* orange.png */,
				28918675238201C000E31004 /* papa_evil.png */,
				28918674238201C000E31004 /* papa.png */,
				289180812369E12E00E31004 /* Scene.cpp */,
				289180822369E12E00E31004 /* Scene.h */,
				DBDF1B5D2323DE8D007CECB1 /* ShaderProgram.cpp */,
				DBDF1B592323DE8D007CECB1 /* ShaderProgram.h */,
				DBDF1B5C2323DE8D007CECB1 /* shaders */,
				28411BC1239F458700AE28A5 /* slash.wav */,
				28411BB6239D9F9500AE28A5 /* spike.png */,
				28411BBF239F441800AE28A5 /* spiker.png */,
				2891865D2381E31E00E31004 /* StartScreen.cpp */,
				2891865E2381E31E00E31004 /* StartScreen.h */,
				DBDF1B5A2323DE8D007CECB1 /* stb_image.h */,
				28411BA223973A4000AE28A5 /* temp.png */,
				28411BA123973A4000AE28A5 /* test.png */,
				289184172377744900E31004 /* tile.png */,
				28411BA623973CB200AE28A5 /* tileset.png */,
				2891807C2369D7D700E31004 /* Util.cpp */,
				2891807D2369D7D700E31004 /* Util.h */,
				28411B9C239735C600AE28A5 /* walk.png */,
			);
			path = "Space Game";
			sourceTree = "<group>";
		};
		DBDF1B5F2323DE92007CECB1 /* Frameworks */ = {
			isa = PBXGroup;
			children = (
				DBDF1B672323DEEA007CECB1 /* SDL2_image.framework */,
				DBDF1B682323DEEA007CECB1 /* SDL2_mixer.framework */,
				DBDF1B662323DEEA007CECB1 /* SDL2.framework */,
				DBDF1B642323DEDF007CECB1 /* Cocoa.framework */,
				DBDF1B622323DEDA007CECB1 /* OpenGL.framework */,
			);
			name = Frameworks;
			sourceTree = "<group>";
		};
/* End PBXGroup section */

/* Begin PBXNativeTarget section */
		DBDF1B4E2323DE3F007CECB1 /* Space Game */ = {
			isa = PBXNativeTarget;
			buildConfigurationList = DBDF1B562323DE3F007CECB1 /* Build configuration list for PBXNativeTarget "Space Game" */;
			buildPhases = (
				DBDF1B4B2323DE3F007CECB1 /* Sources */,
				DBDF1B4C2323DE3F007CECB1 /* Frameworks */,
				DBDF1B4D2323DE3F007CECB1 /* CopyFiles */,
			);
			buildRules = (
			);
			dependencies = (
			);
			name = "Space Game";
			productName = SDLProject;
			productReference = DBDF1B4F2323DE3F007CECB1 /* Space Game */;
			productType = "com.apple.product-type.tool";
		};
/* End PBXNativeTarget section */

/* Begin PBXProject section */
		DBDF1B472323DE3F007CECB1 /* Project object */ = {
			isa = PBXProject;
			attributes = {
				LastUpgradeCheck = 1030;
				ORGANIZATIONNAME = ctg;
				TargetAttributes = {
					DBDF1B4E2323DE3F007CECB1 = {
						CreatedOnToolsVersion = 10.3;
					};
				};
			};
			buildConfigurationList = DBDF1B4A2323DE3F007CECB1 /* Build configuration list for PBXProject "Space Game" */;
			compatibilityVersion = "Xcode 9.3";
			developmentRegion = en;
			hasScannedForEncodings = 0;
			knownRegions = (
				en,
			);
			mainGroup = DBDF1B462323DE3F007CECB1;
			productRefGroup = DBDF1B502323DE3F007CECB1 /* Products */;
			projectDirPath = "";
			projectRoot = "";
			targets = (
				DBDF1B4E2323DE3F007CECB1 /* Space Game */,
			);
		};
/* End PBXProject section */

/* Begin PBXSourcesBuildPhase section */
		DBDF1B4B2323DE3F007CECB1 /* Sources */ = {
			isa = PBXSourcesBuildPhase;
			buildActionMask = 2147483647;
			files = (
				289180832369E12E00E31004 /* Scene.cpp in Sources */,
				2891865C2381E25B00E31004 /* main.cpp in Sources */,
				FAD6911E234B8AE400D9AA86 /* Entity.cpp in Sources */,
				DB233D1223661B3D008B1DEB /* Map.cpp in Sources */,
				2891808C23707EE100E31004 /* Effects.cpp in Sources */,
				DBDF1B5E2323DE8D007CECB1 /* ShaderProgram.cpp in Sources */,
				2891807E2369D7D700E31004 /* Util.cpp in Sources */,
				2891865F2381E31E00E31004 /* StartScreen.cpp in Sources */,
				289180862369E1DB00E31004 /* Level1.cpp in Sources */,
			);
			runOnlyForDeploymentPostprocessing = 0;
		};
/* End PBXSourcesBuildPhase section */

/* Begin XCBuildConfiguration section */
		DBDF1B542323DE3F007CECB1 /* Debug */ = {
			isa = XCBuildConfiguration;
			buildSettings = {
				ALWAYS_SEARCH_USER_PATHS = NO;
				CLANG_ANALYZER_NONNULL = YES;
				CLANG_ANALYZER_NUMBER_OBJECT_CONVERSION = YES_AGGRESSIVE;
				CLANG_CXX_LANGUAGE_STANDARD = "gnu++14";
				CLANG_CXX_LIBRARY = "libc++";
				CLANG_ENABLE_MODULES = YES;
				CLANG_ENABLE_OBJC_ARC = YES;
				CLANG_ENABLE_OBJC_WEAK = YES;
				CLANG_WARN_BLOCK_CAPTURE_AUTORELEASING = YES;
				CLANG_WARN_BOOL_CONVERSION = YES;
				CLANG_WARN_COMMA = YES;
				CLANG_WARN_CONSTANT_CONVERSION = YES;
				CLANG_WARN_DEPRECATED_OBJC_IMPLEMENTATIONS = YES;
				CLANG_WARN_DIRECT_OBJC_ISA_USAGE = YES_ERROR;
				CLANG_WARN_DOCUMENTATION_COMMENTS = YES;
				CLANG_WARN_EMPTY_BODY = YES;
				CLANG_WARN_ENUM_CONVERSION = YES;
				CLANG_WARN_INFINITE_RECURSION = YES;
				CLANG_WARN_INT_CONVERSION = YES;
				CLANG_WARN_NON_LITERAL_NULL_CONVERSION = YES;
				CLANG_WARN_OBJC_IMPLICIT_RETAIN_SELF = YES;
				CLANG_WARN_OBJC_LITERAL_CONVERSION = YES;
				CLANG_WARN_OBJC_ROOT_CLASS = YES_ERROR;
				CLANG_WARN_RANGE_LOOP_ANALYSIS = YES;
				CLANG_WARN_STRICT_PROTOTYPES = YES;
				CLANG_WARN_SUSPICIOUS_MOVE = YES;
				CLANG_WARN_UNGUARDED_AVAILABILITY = YES_AGGRESSIVE;
				CLANG_WARN_UNREACHABLE_CODE = YES;
				CLANG_WARN__DUPLICATE_METHOD_MATCH = YES;
				CODE_SIGN_IDENTITY = "-";
				COPY_PHASE_STRIP = NO;
				DEBUG_INFORMATION_FORMAT = dwarf;
				ENABLE_STRICT_OBJC_MSGSEND = YES;
				ENABLE_TESTABILITY = YES;
				GCC_C_LANGUAGE_STANDARD = gnu11;
				GCC_DYNAMIC_NO_PIC = NO;
				GCC_NO_COMMON_BLOCKS = YES;
				GCC_OPTIMIZATION_LEVEL = 0;
				GCC_PREPROCESSOR_DEFINITIONS = (
					"DEBUG=1",
					"$(inherited)",
				);
				GCC_WARN_64_TO_32_BIT_CONVERSION = YES;
				GCC_WARN_ABOUT_RETURN_TYPE = YES_ERROR;
				GCC_WARN_UNDECLARED_SELECTOR = YES;
				GCC_WARN_UNINITIALIZED_AUTOS = YES_AGGRESSIVE;
				GCC_WARN_UNUSED_FUNCTION = YES;
				GCC_WARN_UNUSED_VARIABLE = YES;
				MACOSX_DEPLOYMENT_TARGET = 10.14;
				MTL_ENABLE_DEBUG_INFO = INCLUDE_SOURCE;
				MTL_FAST_MATH = YES;
				ONLY_ACTIVE_ARCH = YES;
				SDKROOT = macosx;
			};
			name = Debug;
		};
		DBDF1B552323DE3F007CECB1 /* Release */ = {
			isa = XCBuildConfiguration;
			buildSettings = {
				ALWAYS_SEARCH_USER_PATHS = NO;
				CLANG_ANALYZER_NONNULL = YES;
				CLANG_ANALYZER_NUMBER_OBJECT_CONVERSION = YES_AGGRESSIVE;
				CLANG_CXX_LANGUAGE_STANDARD = "gnu++14";
				CLANG_CXX_LIBRARY = "libc++";
				CLANG_ENABLE_MODULES = YES;
				CLANG_ENABLE_OBJC_ARC = YES;
				CLANG_ENABLE_OBJC_WEAK = YES;
				CLANG_WARN_BLOCK_CAPTURE_AUTORELEASING = YES;
				CLANG_WARN_BOOL_CONVERSION = YES;
				CLANG_WARN_COMMA = YES;
				CLANG_WARN_CONSTANT_CONVERSION = YES;
				CLANG_WARN_DEPRECATED_OBJC_IMPLEMENTATIONS = YES;
				CLANG_WARN_DIRECT_OBJC_ISA_USAGE = YES_ERROR;
				CLANG_WARN_DOCUMENTATION_COMMENTS = YES;
				CLANG_WARN_EMPTY_BODY = YES;
				CLANG_WARN_ENUM_CONVERSION = YES;
				CLANG_WARN_INFINITE_RECURSION = YES;
				CLANG_WARN_INT_CONVERSION = YES;
				CLANG_WARN_NON_LITERAL_NULL_CONVERSION = YES;
				CLANG_WARN_OBJC_IMPLICIT_RETAIN_SELF = YES;
				CLANG_WARN_OBJC_LITERAL_CONVERSION = YES;
				CLANG_WARN_OBJC_ROOT_CLASS = YES_ERROR;
				CLANG_WARN_RANGE_LOOP_ANALYSIS = YES;
				CLANG_WARN_STRICT_PROTOTYPES = YES;
				CLANG_WARN_SUSPICIOUS_MOVE = YES;
				CLANG_WARN_UNGUARDED_AVAILABILITY = YES_AGGRESSIVE;
				CLANG_WARN_UNREACHABLE_CODE = YES;
				CLANG_WARN__DUPLICATE_METHOD_MATCH = YES;
				CODE_SIGN_IDENTITY = "-";
				COPY_PHASE_STRIP = NO;
				DEBUG_INFORMATION_FORMAT = "dwarf-with-dsym";
				ENABLE_NS_ASSERTIONS = NO;
				ENABLE_STRICT_OBJC_MSGSEND = YES;
				GCC_C_LANGUAGE_STANDARD = gnu11;
				GCC_NO_COMMON_BLOCKS = YES;
				GCC_WARN_64_TO_32_BIT_CONVERSION = YES;
				GCC_WARN_ABOUT_RETURN_TYPE = YES_ERROR;
				GCC_WARN_UNDECLARED_SELECTOR = YES;
				GCC_WARN_UNINITIALIZED_AUTOS = YES_AGGRESSIVE;
				GCC_WARN_UNUSED_FUNCTION = YES;
				GCC_WARN_UNUSED_VARIABLE = YES;
				MACOSX_DEPLOYMENT_TARGET = 10.14;
				MTL_ENABLE_DEBUG_INFO = NO;
				MTL_FAST_MATH = YES;
				SDKROOT = macosx;
			};
			name = Release;
		};
		DBDF1B572323DE3F007CECB1 /* Debug */ = {
			isa = XCBuildConfiguration;
			buildSettings = {
				CODE_SIGN_STYLE = Automatic;
				FRAMEWORK_SEARCH_PATHS = (
					"$(inherited)",
					"$(LOCAL_LIBRARY_DIR)/Frameworks",
				);
				HEADER_SEARCH_PATHS = (
					/Library/Frameworks/SDL2_image.framework/Versions/A/Headers,
					/Library/Frameworks/SDL2.framework/Versions/A/Headers,
					/Library/Frameworks/SDL2_mixer.framework/Versions/A/Headers,
				);
				PRODUCT_NAME = "$(TARGET_NAME)";
			};
			name = Debug;
		};
		DBDF1B582323DE3F007CECB1 /* Release */ = {
			isa = XCBuildConfiguration;
			buildSettings = {
				CODE_SIGN_STYLE = Automatic;
				FRAMEWORK_SEARCH_PATHS = (
					"$(inherited)",
					"$(LOCAL_LIBRARY_DIR)/Frameworks",
				);
				HEADER_SEARCH_PATHS = (
					/Library/Frameworks/SDL2_image.framework/Versions/A/Headers,
					/Library/Frameworks/SDL2.framework/Versions/A/Headers,
					/Library/Frameworks/SDL2_mixer.framework/Versions/A/Headers,
				);
				PRODUCT_NAME = "$(TARGET_NAME)";
			};
			name = Release;
		};
/* End XCBuildConfiguration section */

/* Begin XCConfigurationList section */
		DBDF1B4A2323DE3F007CECB1 /* Build configuration list for PBXProject "Space Game" */ = {
			isa = XCConfigurationList;
			buildConfigurations = (
				DBDF1B542323DE3F007CECB1 /* Debug */,
				DBDF1B552323DE3F007CECB1 /* Release */,
			);
			defaultConfigurationIsVisible = 0;
			defaultConfigurationName = Release;
		};
		DBDF1B562323DE3F007CECB1 /* Build configuration list for PBXNativeTarget "Space Game" */ = {
			isa = XCConfigurationList;
			buildConfigurations = (
				DBDF1B572323DE3F007CECB1 /* Debug */,
				DBDF1B582323DE3F007CECB1 /* Release */,
			);
			defaultConfigurationIsVisible = 0;
			defaultConfigurationName = Release;
		};
/* End XCConfigurationList section */
	};
	rootObject = DBDF1B472323DE3F007CECB1 /* Project object */;
}
